
Microsoft Visual Studio Solution File, Format Version 12.00
# Visual Studio Version 17
VisualStudioVersion = 17.0.31903.59
MinimumVisualStudioVersion = 10.0.40219.1
Project("{2150E333-8FDC-42A3-9474-1A3956D46DE8}") = "tests", "tests", "{0641697B-C671-4752-B41C-E8F72678A830}"
EndProject
Project("{9A19103F-16F7-4668-BE54-9A1E7A4F7556}") = "BigO.Tests", "tests\BigO.Tests\BigO.Tests.csproj", "{ADBAEBC4-FE8D-469A-8CC1-A3E5E1648E01}"
EndProject
Project("{2150E333-8FDC-42A3-9474-1A3956D46DE8}") = "src", "src", "{F5F6DBD7-4A07-413B-860E-BB360BBF6F4C}"
EndProject
Project("{9A19103F-16F7-4668-BE54-9A1E7A4F7556}") = "BigO.API", "src\BigO.API\BigO.API.csproj", "{2C670A55-942F-4E8D-8DEC-514856F17078}"
EndProject
Project("{9A19103F-16F7-4668-BE54-9A1E7A4F7556}") = "BigO.Services", "src\BigO.Services\BigO.Services.csproj", "{3BF48362-A212-4BF1-A079-D40E592C9FA2}"
EndProject
Project("{9A19103F-16F7-4668-BE54-9A1E7A4F7556}") = "BigO.Core", "src\BigO.Core\BigO.Core.csproj", "{6F4B1A6D-C307-409D-BC11-4CCD5B1BC347}"
EndProject
Global
	GlobalSection(SolutionConfigurationPlatforms) = preSolution
		Debug|Any CPU = Debug|Any CPU
		Release|Any CPU = Release|Any CPU
	EndGlobalSection
	GlobalSection(ProjectConfigurationPlatforms) = postSolution
		{ADBAEBC4-FE8D-469A-8CC1-A3E5E1648E01}.Debug|Any CPU.ActiveCfg = Debug|Any CPU
		{ADBAEBC4-FE8D-469A-8CC1-A3E5E1648E01}.Debug|Any CPU.Build.0 = Debug|Any CPU
		{ADBAEBC4-FE8D-469A-8CC1-A3E5E1648E01}.Release|Any CPU.ActiveCfg = Release|Any CPU
		{ADBAEBC4-FE8D-469A-8CC1-A3E5E1648E01}.Release|Any CPU.Build.0 = Release|Any CPU
		{2C670A55-942F-4E8D-8DEC-514856F17078}.Debug|Any CPU.ActiveCfg = Debug|Any CPU
		{2C670A55-942F-4E8D-8DEC-514856F17078}.Debug|Any CPU.Build.0 = Debug|Any CPU
		{2C670A55-942F-4E8D-8DEC-514856F17078}.Release|Any CPU.ActiveCfg = Release|Any CPU
		{2C670A55-942F-4E8D-8DEC-514856F17078}.Release|Any CPU.Build.0 = Release|Any CPU
		{3BF48362-A212-4BF1-A079-D40E592C9FA2}.Debug|Any CPU.ActiveCfg = Debug|Any CPU
		{3BF48362-A212-4BF1-A079-D40E592C9FA2}.Debug|Any CPU.Build.0 = Debug|Any CPU
		{3BF48362-A212-4BF1-A079-D40E592C9FA2}.Release|Any CPU.ActiveCfg = Release|Any CPU
		{3BF48362-A212-4BF1-A079-D40E592C9FA2}.Release|Any CPU.Build.0 = Release|Any CPU
		{6F4B1A6D-C307-409D-BC11-4CCD5B1BC347}.Debug|Any CPU.ActiveCfg = Debug|Any CPU
		{6F4B1A6D-C307-409D-BC11-4CCD5B1BC347}.Debug|Any CPU.Build.0 = Debug|Any CPU
		{6F4B1A6D-C307-409D-BC11-4CCD5B1BC347}.Release|Any CPU.ActiveCfg = Release|Any CPU
		{6F4B1A6D-C307-409D-BC11-4CCD5B1BC347}.Release|Any CPU.Build.0 = Release|Any CPU
	EndGlobalSection
	GlobalSection(SolutionProperties) = preSolution
		HideSolutionNode = FALSE
	EndGlobalSection
	GlobalSection(NestedProjects) = preSolution
		{ADBAEBC4-FE8D-469A-8CC1-A3E5E1648E01} = {0641697B-C671-4752-B41C-E8F72678A830}
		{2C670A55-942F-4E8D-8DEC-514856F17078} = {F5F6DBD7-4A07-413B-860E-BB360BBF6F4C}
		{3BF48362-A212-4BF1-A079-D40E592C9FA2} = {F5F6DBD7-4A07-413B-860E-BB360BBF6F4C}
		{6F4B1A6D-C307-409D-BC11-4CCD5B1BC347} = {F5F6DBD7-4A07-413B-860E-BB360BBF6F4C}
	EndGlobalSection
	GlobalSection(ExtensibilityGlobals) = postSolution
		SolutionGuid = {E6FACF56-701B-4BF8-A771-BCC219947674}
	EndGlobalSection
EndGlobal
